
Microsoft Visual Studio Solution File, Format Version 12.00
# Visual Studio Version 17
VisualStudioVersion = 17.0.31903.59
MinimumVisualStudioVersion = 10.0.40219.1
Project("{2150E333-8FDC-42A3-9474-1A3956D46DE8}") = "src", "src", "{6D73490C-D878-49EE-AC9C-C40AB2C54633}"
EndProject
Project("{FAE04EC0-301F-11D3-BF4B-00C04F79EFBC}") = "AuctionService", "src\AuctionService\AuctionService.csproj", "{90B21290-CA9A-41CC-A3B1-6576FA4EBD20}"
EndProject
Project("{FAE04EC0-301F-11D3-BF4B-00C04F79EFBC}") = "SearchService", "src\SearchService\SearchService.csproj", "{18A70D10-8333-4D5B-A7A6-BE8B89AAC6DC}"
EndProject
Project("{FAE04EC0-301F-11D3-BF4B-00C04F79EFBC}") = "Shared", "src\Shared\Shared.csproj", "{B51E8478-430B-4F64-8A1F-9A08572499F8}"
EndProject
Project("{FAE04EC0-301F-11D3-BF4B-00C04F79EFBC}") = "IdentityService", "src\IdentityService\IdentityService.csproj", "{42F57932-1566-4B1D-A929-63B59116798B}"
EndProject
Global
	GlobalSection(SolutionConfigurationPlatforms) = preSolution
		Debug|Any CPU = Debug|Any CPU
		Release|Any CPU = Release|Any CPU
	EndGlobalSection
	GlobalSection(SolutionProperties) = preSolution
		HideSolutionNode = FALSE
	EndGlobalSection
	GlobalSection(ProjectConfigurationPlatforms) = postSolution
		{90B21290-CA9A-41CC-A3B1-6576FA4EBD20}.Debug|Any CPU.ActiveCfg = Debug|Any CPU
		{90B21290-CA9A-41CC-A3B1-6576FA4EBD20}.Debug|Any CPU.Build.0 = Debug|Any CPU
		{90B21290-CA9A-41CC-A3B1-6576FA4EBD20}.Release|Any CPU.ActiveCfg = Release|Any CPU
		{90B21290-CA9A-41CC-A3B1-6576FA4EBD20}.Release|Any CPU.Build.0 = Release|Any CPU
		{18A70D10-8333-4D5B-A7A6-BE8B89AAC6DC}.Debug|Any CPU.ActiveCfg = Debug|Any CPU
		{18A70D10-8333-4D5B-A7A6-BE8B89AAC6DC}.Debug|Any CPU.Build.0 = Debug|Any CPU
		{18A70D10-8333-4D5B-A7A6-BE8B89AAC6DC}.Release|Any CPU.ActiveCfg = Release|Any CPU
		{18A70D10-8333-4D5B-A7A6-BE8B89AAC6DC}.Release|Any CPU.Build.0 = Release|Any CPU
		{B51E8478-430B-4F64-8A1F-9A08572499F8}.Debug|Any CPU.ActiveCfg = Debug|Any CPU
		{B51E8478-430B-4F64-8A1F-9A08572499F8}.Debug|Any CPU.Build.0 = Debug|Any CPU
		{B51E8478-430B-4F64-8A1F-9A08572499F8}.Release|Any CPU.ActiveCfg = Release|Any CPU
		{B51E8478-430B-4F64-8A1F-9A08572499F8}.Release|Any CPU.Build.0 = Release|Any CPU
		{42F57932-1566-4B1D-A929-63B59116798B}.Debug|Any CPU.ActiveCfg = Debug|Any CPU
		{42F57932-1566-4B1D-A929-63B59116798B}.Debug|Any CPU.Build.0 = Debug|Any CPU
		{42F57932-1566-4B1D-A929-63B59116798B}.Release|Any CPU.ActiveCfg = Release|Any CPU
		{42F57932-1566-4B1D-A929-63B59116798B}.Release|Any CPU.Build.0 = Release|Any CPU
	EndGlobalSection
	GlobalSection(NestedProjects) = preSolution
		{90B21290-CA9A-41CC-A3B1-6576FA4EBD20} = {6D73490C-D878-49EE-AC9C-C40AB2C54633}
		{18A70D10-8333-4D5B-A7A6-BE8B89AAC6DC} = {6D73490C-D878-49EE-AC9C-C40AB2C54633}
		{B51E8478-430B-4F64-8A1F-9A08572499F8} = {6D73490C-D878-49EE-AC9C-C40AB2C54633}
		{42F57932-1566-4B1D-A929-63B59116798B} = {6D73490C-D878-49EE-AC9C-C40AB2C54633}
	EndGlobalSection
EndGlobal
